
Microsoft Visual Studio Solution File, Format Version 12.00
# Visual Studio 15
VisualStudioVersion = 15.0.28307.572
MinimumVisualStudioVersion = 10.0.40219.1
Project("{FAE04EC0-301F-11D3-BF4B-00C04F79EFBC}") = "MVC_Vuejs", "MVC_Vuejs\MVC_Vuejs.csproj", "{932C80AA-0A42-4E3C-BD67-522D604CC9F4}"
EndProject
Global
	GlobalSection(SolutionConfigurationPlatforms) = preSolution
		Debug|Any CPU = Debug|Any CPU
		Release|Any CPU = Release|Any CPU
	EndGlobalSection
	GlobalSection(ProjectConfigurationPlatforms) = postSolution
		{932C80AA-0A42-4E3C-BD67-522D604CC9F4}.Debug|Any CPU.ActiveCfg = Debug|Any CPU
		{932C80AA-0A42-4E3C-BD67-522D604CC9F4}.Debug|Any CPU.Build.0 = Debug|Any CPU
		{932C80AA-0A42-4E3C-BD67-522D604CC9F4}.Release|Any CPU.ActiveCfg = Release|Any CPU
		{932C80AA-0A42-4E3C-BD67-522D604CC9F4}.Release|Any CPU.Build.0 = Release|Any CPU
	EndGlobalSection
	GlobalSection(SolutionProperties) = preSolution
		HideSolutionNode = FALSE
	EndGlobalSection
	GlobalSection(ExtensibilityGlobals) = postSolution
		SolutionGuid = {BF99994F-6515-4C1A-BA9B-99368AFCC1F5}
	EndGlobalSection
EndGlobal
